// !$*UTF8*$!
{
	archiveVersion = 1;
	classes = {
	};
	objectVersion = 56;
	objects = {

/* Begin PBXBuildFile section */
		2967710E2C0488750064E3F3 /* AppDelegate.swift in Sources */ = {isa = PBXBuildFile; fileRef = 2967710D2C0488750064E3F3 /* AppDelegate.swift */; };
		296771102C0488750064E3F3 /* SceneDelegate.swift in Sources */ = {isa = PBXBuildFile; fileRef = 2967710F2C0488750064E3F3 /* SceneDelegate.swift */; };
		296771122C0488750064E3F3 /* ViewController.swift in Sources */ = {isa = PBXBuildFile; fileRef = 296771112C0488750064E3F3 /* ViewController.swift */; };
		296771152C0488750064E3F3 /* Main.storyboard in Resources */ = {isa = PBXBuildFile; fileRef = 296771132C0488750064E3F3 /* Main.storyboard */; };
		296771172C0488760064E3F3 /* Assets.xcassets in Resources */ = {isa = PBXBuildFile; fileRef = 296771162C0488760064E3F3 /* Assets.xcassets */; };
		2967711A2C0488760064E3F3 /* LaunchScreen.storyboard in Resources */ = {isa = PBXBuildFile; fileRef = 296771182C0488760064E3F3 /* LaunchScreen.storyboard */; };
		DB4B9AD8642E5466AD80166A /* Pods_VoIPCourseWork.framework in Frameworks */ = {isa = PBXBuildFile; fileRef = BC7A737F2EDB12AACD785DC3 /* Pods_VoIPCourseWork.framework */; };
/* End PBXBuildFile section */

/* Begin PBXFileReference section */
		14A8E7520240E1B5BAC053AF /* Pods-VoIPCourseWork.debug.xcconfig */ = {isa = PBXFileReference; includeInIndex = 1; lastKnownFileType = text.xcconfig; name = "Pods-VoIPCourseWork.debug.xcconfig"; path = "Target Support Files/Pods-VoIPCourseWork/Pods-VoIPCourseWork.debug.xcconfig"; sourceTree = "<group>"; };
		2967710A2C0488750064E3F3 /* VoIPCourseWork.app */ = {isa = PBXFileReference; explicitFileType = wrapper.application; includeInIndex = 0; path = VoIPCourseWork.app; sourceTree = BUILT_PRODUCTS_DIR; };
		2967710D2C0488750064E3F3 /* AppDelegate.swift */ = {isa = PBXFileReference; lastKnownFileType = sourcecode.swift; path = AppDelegate.swift; sourceTree = "<group>"; };
		2967710F2C0488750064E3F3 /* SceneDelegate.swift */ = {isa = PBXFileReference; lastKnownFileType = sourcecode.swift; path = SceneDelegate.swift; sourceTree = "<group>"; };
		296771112C0488750064E3F3 /* ViewController.swift */ = {isa = PBXFileReference; lastKnownFileType = sourcecode.swift; path = ViewController.swift; sourceTree = "<group>"; };
		296771142C0488750064E3F3 /* Base */ = {isa = PBXFileReference; lastKnownFileType = file.storyboard; name = Base; path = Base.lproj/Main.storyboard; sourceTree = "<group>"; };
		296771162C0488760064E3F3 /* Assets.xcassets */ = {isa = PBXFileReference; lastKnownFileType = folder.assetcatalog; path = Assets.xcassets; sourceTree = "<group>"; };
		296771192C0488760064E3F3 /* Base */ = {isa = PBXFileReference; lastKnownFileType = file.storyboard; name = Base; path = Base.lproj/LaunchScreen.storyboard; sourceTree = "<group>"; };
		2967711B2C0488760064E3F3 /* Info.plist */ = {isa = PBXFileReference; lastKnownFileType = text.plist.xml; path = Info.plist; sourceTree = "<group>"; };
		603894B1178EBEBA85E2A505 /* Pods-VoIPCourseWork.release.xcconfig */ = {isa = PBXFileReference; includeInIndex = 1; lastKnownFileType = text.xcconfig; name = "Pods-VoIPCourseWork.release.xcconfig"; path = "Target Support Files/Pods-VoIPCourseWork/Pods-VoIPCourseWork.release.xcconfig"; sourceTree = "<group>"; };
		BC7A737F2EDB12AACD785DC3 /* Pods_VoIPCourseWork.framework */ = {isa = PBXFileReference; explicitFileType = wrapper.framework; includeInIndex = 0; path = Pods_VoIPCourseWork.framework; sourceTree = BUILT_PRODUCTS_DIR; };
/* End PBXFileReference section */

/* Begin PBXFrameworksBuildPhase section */
		296771072C0488750064E3F3 /* Frameworks */ = {
			isa = PBXFrameworksBuildPhase;
			buildActionMask = 2147483647;
			files = (
				DB4B9AD8642E5466AD80166A /* Pods_VoIPCourseWork.framework in Frameworks */,
			);
			runOnlyForDeploymentPostprocessing = 0;
		};
/* End PBXFrameworksBuildPhase section */

/* Begin PBXGroup section */
		28F9879758AD870CC3EB035D /* Pods */ = {
			isa = PBXGroup;
			children = (
				14A8E7520240E1B5BAC053AF /* Pods-VoIPCourseWork.debug.xcconfig */,
				603894B1178EBEBA85E2A505 /* Pods-VoIPCourseWork.release.xcconfig */,
			);
			name = Pods;
			path = Pods;
			sourceTree = "<group>";
		};
		296771012C0488750064E3F3 = {
			isa = PBXGroup;
			children = (
				2967710C2C0488750064E3F3 /* VoIPCourseWork */,
				2967710B2C0488750064E3F3 /* Products */,
				28F9879758AD870CC3EB035D /* Pods */,
				3CF31943B5832A5C368DF529 /* Frameworks */,
			);
			sourceTree = "<group>";
		};
		2967710B2C0488750064E3F3 /* Products */ = {
			isa = PBXGroup;
			children = (
				2967710A2C0488750064E3F3 /* VoIPCourseWork.app */,
			);
			name = Products;
			sourceTree = "<group>";
		};
		2967710C2C0488750064E3F3 /* VoIPCourseWork */ = {
			isa = PBXGroup;
			children = (
				2967710D2C0488750064E3F3 /* AppDelegate.swift */,
				2967710F2C0488750064E3F3 /* SceneDelegate.swift */,
				296771112C0488750064E3F3 /* ViewController.swift */,
				296771132C0488750064E3F3 /* Main.storyboard */,
				296771162C0488760064E3F3 /* Assets.xcassets */,
				296771182C0488760064E3F3 /* LaunchScreen.storyboard */,
				2967711B2C0488760064E3F3 /* Info.plist */,
			);
			path = VoIPCourseWork;
			sourceTree = "<group>";
		};
		3CF31943B5832A5C368DF529 /* Frameworks */ = {
			isa = PBXGroup;
			children = (
				BC7A737F2EDB12AACD785DC3 /* Pods_VoIPCourseWork.framework */,
			);
			name = Frameworks;
			sourceTree = "<group>";
		};
/* End PBXGroup section */

/* Begin PBXNativeTarget section */
		296771092C0488750064E3F3 /* VoIPCourseWork */ = {
			isa = PBXNativeTarget;
			buildConfigurationList = 2967711E2C0488760064E3F3 /* Build configuration list for PBXNativeTarget "VoIPCourseWork" */;
			buildPhases = (
				92ADAF993277372CF603DAE5 /* [CP] Check Pods Manifest.lock */,
				296771062C0488750064E3F3 /* Sources */,
				296771072C0488750064E3F3 /* Frameworks */,
				296771082C0488750064E3F3 /* Resources */,
			);
			buildRules = (
			);
			dependencies = (
			);
			name = VoIPCourseWork;
			productName = VoIPCourseWork;
			productReference = 2967710A2C0488750064E3F3 /* VoIPCourseWork.app */;
			productType = "com.apple.product-type.application";
		};
/* End PBXNativeTarget section */

/* Begin PBXProject section */
		296771022C0488750064E3F3 /* Project object */ = {
			isa = PBXProject;
			attributes = {
				BuildIndependentTargetsInParallel = 1;
				LastSwiftUpdateCheck = 1430;
				LastUpgradeCheck = 1430;
				TargetAttributes = {
					296771092C0488750064E3F3 = {
						CreatedOnToolsVersion = 14.3.1;
					};
				};
			};
			buildConfigurationList = 296771052C0488750064E3F3 /* Build configuration list for PBXProject "VoIPCourseWork" */;
			compatibilityVersion = "Xcode 14.0";
			developmentRegion = en;
			hasScannedForEncodings = 0;
			knownRegions = (
				en,
				Base,
			);
			mainGroup = 296771012C0488750064E3F3;
			productRefGroup = 2967710B2C0488750064E3F3 /* Products */;
			projectDirPath = "";
			projectRoot = "";
			targets = (
				296771092C0488750064E3F3 /* VoIPCourseWork */,
			);
		};
/* End PBXProject section */

/* Begin PBXResourcesBuildPhase section */
		296771082C0488750064E3F3 /* Resources */ = {
			isa = PBXResourcesBuildPhase;
			buildActionMask = 2147483647;
			files = (
				2967711A2C0488760064E3F3 /* LaunchScreen.storyboard in Resources */,
				296771172C0488760064E3F3 /* Assets.xcassets in Resources */,
				296771152C0488750064E3F3 /* Main.storyboard in Resources */,
			);
			runOnlyForDeploymentPostprocessing = 0;
		};
/* End PBXResourcesBuildPhase section */

/* Begin PBXShellScriptBuildPhase section */
		92ADAF993277372CF603DAE5 /* [CP] Check Pods Manifest.lock */ = {
			isa = PBXShellScriptBuildPhase;
			buildActionMask = 2147483647;
			files = (
			);
			inputFileListPaths = (
			);
			inputPaths = (
				"${PODS_PODFILE_DIR_PATH}/Podfile.lock",
				"${PODS_ROOT}/Manifest.lock",
			);
			name = "[CP] Check Pods Manifest.lock";
			outputFileListPaths = (
			);
			outputPaths = (
				"$(DERIVED_FILE_DIR)/Pods-VoIPCourseWork-checkManifestLockResult.txt",
			);
			runOnlyForDeploymentPostprocessing = 0;
			shellPath = /bin/sh;
			shellScript = "diff \"${PODS_PODFILE_DIR_PATH}/Podfile.lock\" \"${PODS_ROOT}/Manifest.lock\" > /dev/null\nif [ $? != 0 ] ; then\n    # print error to STDERR\n    echo \"error: The sandbox is not in sync with the Podfile.lock. Run 'pod install' or update your CocoaPods installation.\" >&2\n    exit 1\nfi\n# This output is used by Xcode 'outputs' to avoid re-running this script phase.\necho \"SUCCESS\" > \"${SCRIPT_OUTPUT_FILE_0}\"\n";
			showEnvVarsInLog = 0;
		};
/* End PBXShellScriptBuildPhase section */

/* Begin PBXSourcesBuildPhase section */
		296771062C0488750064E3F3 /* Sources */ = {
			isa = PBXSourcesBuildPhase;
			buildActionMask = 2147483647;
			files = (
				296771122C0488750064E3F3 /* ViewController.swift in Sources */,
				2967710E2C0488750064E3F3 /* AppDelegate.swift in Sources */,
				296771102C0488750064E3F3 /* SceneDelegate.swift in Sources */,
			);
			runOnlyForDeploymentPostprocessing = 0;
		};
/* End PBXSourcesBuildPhase section */

/* Begin PBXVariantGroup section */
		296771132C0488750064E3F3 /* Main.storyboard */ = {
			isa = PBXVariantGroup;
			children = (
				296771142C0488750064E3F3 /* Base */,
			);
			name = Main.storyboard;
			sourceTree = "<group>";
		};
		296771182C0488760064E3F3 /* LaunchScreen.storyboard */ = {
			isa = PBXVariantGroup;
			children = (
				296771192C0488760064E3F3 /* Base */,
			);
			name = LaunchScreen.storyboard;
			sourceTree = "<group>";
		};
/* End PBXVariantGroup section */

/* Begin XCBuildConfiguration section */
		2967711C2C0488760064E3F3 /* Debug */ = {
			isa = XCBuildConfiguration;
			buildSettings = {
				ALWAYS_SEARCH_USER_PATHS = NO;
				CLANG_ANALYZER_NONNULL = YES;
				CLANG_ANALYZER_NUMBER_OBJECT_CONVERSION = YES_AGGRESSIVE;
				CLANG_CXX_LANGUAGE_STANDARD = "gnu++20";
				CLANG_ENABLE_MODULES = YES;
				CLANG_ENABLE_OBJC_ARC = YES;
				CLANG_ENABLE_OBJC_WEAK = YES;
				CLANG_WARN_BLOCK_CAPTURE_AUTORELEASING = YES;
				CLANG_WARN_BOOL_CONVERSION = YES;
				CLANG_WARN_COMMA = YES;
				CLANG_WARN_CONSTANT_CONVERSION = YES;
				CLANG_WARN_DEPRECATED_OBJC_IMPLEMENTATIONS = YES;
				CLANG_WARN_DIRECT_OBJC_ISA_USAGE = YES_ERROR;
				CLANG_WARN_DOCUMENTATION_COMMENTS = YES;
				CLANG_WARN_EMPTY_BODY = YES;
				CLANG_WARN_ENUM_CONVERSION = YES;
				CLANG_WARN_INFINITE_RECURSION = YES;
				CLANG_WARN_INT_CONVERSION = YES;
				CLANG_WARN_NON_LITERAL_NULL_CONVERSION = YES;
				CLANG_WARN_OBJC_IMPLICIT_RETAIN_SELF = YES;
				CLANG_WARN_OBJC_LITERAL_CONVERSION = YES;
				CLANG_WARN_OBJC_ROOT_CLASS = YES_ERROR;
				CLANG_WARN_QUOTED_INCLUDE_IN_FRAMEWORK_HEADER = YES;
				CLANG_WARN_RANGE_LOOP_ANALYSIS = YES;
				CLANG_WARN_STRICT_PROTOTYPES = YES;
				CLANG_WARN_SUSPICIOUS_MOVE = YES;
				CLANG_WARN_UNGUARDED_AVAILABILITY = YES_AGGRESSIVE;
				CLANG_WARN_UNREACHABLE_CODE = YES;
				CLANG_WARN__DUPLICATE_METHOD_MATCH = YES;
				COPY_PHASE_STRIP = NO;
				DEBUG_INFORMATION_FORMAT = dwarf;
				ENABLE_STRICT_OBJC_MSGSEND = YES;
				ENABLE_TESTABILITY = YES;
				GCC_C_LANGUAGE_STANDARD = gnu11;
				GCC_DYNAMIC_NO_PIC = NO;
				GCC_NO_COMMON_BLOCKS = YES;
				GCC_OPTIMIZATION_LEVEL = 0;
				GCC_PREPROCESSOR_DEFINITIONS = (
					"DEBUG=1",
					"$(inherited)",
				);
				GCC_WARN_64_TO_32_BIT_CONVERSION = YES;
				GCC_WARN_ABOUT_RETURN_TYPE = YES_ERROR;
				GCC_WARN_UNDECLARED_SELECTOR = YES;
				GCC_WARN_UNINITIALIZED_AUTOS = YES_AGGRESSIVE;
				GCC_WARN_UNUSED_FUNCTION = YES;
				GCC_WARN_UNUSED_VARIABLE = YES;
				IPHONEOS_DEPLOYMENT_TARGET = 16.4;
				MTL_ENABLE_DEBUG_INFO = INCLUDE_SOURCE;
				MTL_FAST_MATH = YES;
				ONLY_ACTIVE_ARCH = YES;
				SDKROOT = iphoneos;
				SWIFT_ACTIVE_COMPILATION_CONDITIONS = DEBUG;
				SWIFT_OPTIMIZATION_LEVEL = "-Onone";
			};
			name = Debug;
		};
		2967711D2C0488760064E3F3 /* Release */ = {
			isa = XCBuildConfiguration;
			buildSettings = {
				ALWAYS_SEARCH_USER_PATHS = NO;
				CLANG_ANALYZER_NONNULL = YES;
				CLANG_ANALYZER_NUMBER_OBJECT_CONVERSION = YES_AGGRESSIVE;
				CLANG_CXX_LANGUAGE_STANDARD = "gnu++20";
				CLANG_ENABLE_MODULES = YES;
				CLANG_ENABLE_OBJC_ARC = YES;
				CLANG_ENABLE_OBJC_WEAK = YES;
				CLANG_WARN_BLOCK_CAPTURE_AUTORELEASING = YES;
				CLANG_WARN_BOOL_CONVERSION = YES;
				CLANG_WARN_COMMA = YES;
				CLANG_WARN_CONSTANT_CONVERSION = YES;
				CLANG_WARN_DEPRECATED_OBJC_IMPLEMENTATIONS = YES;
				CLANG_WARN_DIRECT_OBJC_ISA_USAGE = YES_ERROR;
				CLANG_WARN_DOCUMENTATION_COMMENTS = YES;
				CLANG_WARN_EMPTY_BODY = YES;
				CLANG_WARN_ENUM_CONVERSION = YES;
				CLANG_WARN_INFINITE_RECURSION = YES;
				CLANG_WARN_INT_CONVERSION = YES;
				CLANG_WARN_NON_LITERAL_NULL_CONVERSION = YES;
				CLANG_WARN_OBJC_IMPLICIT_RETAIN_SELF = YES;
				CLANG_WARN_OBJC_LITERAL_CONVERSION = YES;
				CLANG_WARN_OBJC_ROOT_CLASS = YES_ERROR;
				CLANG_WARN_QUOTED_INCLUDE_IN_FRAMEWORK_HEADER = YES;
				CLANG_WARN_RANGE_LOOP_ANALYSIS = YES;
				CLANG_WARN_STRICT_PROTOTYPES = YES;
				CLANG_WARN_SUSPICIOUS_MOVE = YES;
				CLANG_WARN_UNGUARDED_AVAILABILITY = YES_AGGRESSIVE;
				CLANG_WARN_UNREACHABLE_CODE = YES;
				CLANG_WARN__DUPLICATE_METHOD_MATCH = YES;
				COPY_PHASE_STRIP = NO;
				DEBUG_INFORMATION_FORMAT = "dwarf-with-dsym";
				ENABLE_NS_ASSERTIONS = NO;
				ENABLE_STRICT_OBJC_MSGSEND = YES;
				GCC_C_LANGUAGE_STANDARD = gnu11;
				GCC_NO_COMMON_BLOCKS = YES;
				GCC_WARN_64_TO_32_BIT_CONVERSION = YES;
				GCC_WARN_ABOUT_RETURN_TYPE = YES_ERROR;
				GCC_WARN_UNDECLARED_SELECTOR = YES;
				GCC_WARN_UNINITIALIZED_AUTOS = YES_AGGRESSIVE;
				GCC_WARN_UNUSED_FUNCTION = YES;
				GCC_WARN_UNUSED_VARIABLE = YES;
				IPHONEOS_DEPLOYMENT_TARGET = 16.4;
				MTL_ENABLE_DEBUG_INFO = NO;
				MTL_FAST_MATH = YES;
				SDKROOT = iphoneos;
				SWIFT_COMPILATION_MODE = wholemodule;
				SWIFT_OPTIMIZATION_LEVEL = "-O";
				VALIDATE_PRODUCT = YES;
			};
			name = Release;
		};
		2967711F2C0488760064E3F3 /* Debug */ = {
			isa = XCBuildConfiguration;
			baseConfigurationReference = 14A8E7520240E1B5BAC053AF /* Pods-VoIPCourseWork.debug.xcconfig */;
			buildSettings = {
				ASSETCATALOG_COMPILER_APPICON_NAME = AppIcon;
				ASSETCATALOG_COMPILER_GLOBAL_ACCENT_COLOR_NAME = AccentColor;
				CODE_SIGN_STYLE = Automatic;
				CURRENT_PROJECT_VERSION = 1;
				DEVELOPMENT_TEAM = ZA8S3A839R;
				GENERATE_INFOPLIST_FILE = YES;
				INFOPLIST_FILE = VoIPCourseWork/Info.plist;
				INFOPLIST_KEY_UIApplicationSupportsIndirectInputEvents = YES;
				INFOPLIST_KEY_UILaunchStoryboardName = LaunchScreen;
				INFOPLIST_KEY_UIMainStoryboardFile = Main;
				INFOPLIST_KEY_UISupportedInterfaceOrientations_iPad = "UIInterfaceOrientationPortrait UIInterfaceOrientationPortraitUpsideDown UIInterfaceOrientationLandscapeLeft UIInterfaceOrientationLandscapeRight";
				INFOPLIST_KEY_UISupportedInterfaceOrientations_iPhone = "UIInterfaceOrientationPortrait UIInterfaceOrientationLandscapeLeft UIInterfaceOrientationLandscapeRight";
				LD_RUNPATH_SEARCH_PATHS = (
					"$(inherited)",
					"@executable_path/Frameworks",
				);
				MARKETING_VERSION = 1.0;
				PRODUCT_BUNDLE_IDENTIFIER = com.itis.ios.VoIPCourseWork;
				PRODUCT_NAME = "$(TARGET_NAME)";
				SWIFT_EMIT_LOC_STRINGS = YES;
				SWIFT_VERSION = 5.0;
				TARGETED_DEVICE_FAMILY = "1,2";
			};
			name = Debug;
		};
		296771202C0488760064E3F3 /* Release */ = {
			isa = XCBuildConfiguration;
			baseConfigurationReference = 603894B1178EBEBA85E2A505 /* Pods-VoIPCourseWork.release.xcconfig */;
			buildSettings = {
				ASSETCATALOG_COMPILER_APPICON_NAME = AppIcon;
				ASSETCATALOG_COMPILER_GLOBAL_ACCENT_COLOR_NAME = AccentColor;
				CODE_SIGN_STYLE = Automatic;
				CURRENT_PROJECT_VERSION = 1;
				DEVELOPMENT_TEAM = ZA8S3A839R;
				GENERATE_INFOPLIST_FILE = YES;
				INFOPLIST_FILE = VoIPCourseWork/Info.plist;
				INFOPLIST_KEY_UIApplicationSupportsIndirectInputEvents = YES;
				INFOPLIST_KEY_UILaunchStoryboardName = LaunchScreen;
				INFOPLIST_KEY_UIMainStoryboardFile = Main;
				INFOPLIST_KEY_UISupportedInterfaceOrientations_iPad = "UIInterfaceOrientationPortrait UIInterfaceOrientationPortraitUpsideDown UIInterfaceOrientationLandscapeLeft UIInterfaceOrientationLandscapeRight";
				INFOPLIST_KEY_UISupportedInterfaceOrientations_iPhone = "UIInterfaceOrientationPortrait UIInterfaceOrientationLandscapeLeft UIInterfaceOrientationLandscapeRight";
				LD_RUNPATH_SEARCH_PATHS = (
					"$(inherited)",
					"@executable_path/Frameworks",
				);
				MARKETING_VERSION = 1.0;
				PRODUCT_BUNDLE_IDENTIFIER = com.itis.ios.VoIPCourseWork;
				PRODUCT_NAME = "$(TARGET_NAME)";
				SWIFT_EMIT_LOC_STRINGS = YES;
				SWIFT_VERSION = 5.0;
				TARGETED_DEVICE_FAMILY = "1,2";
			};
			name = Release;
		};
/* End XCBuildConfiguration section */

/* Begin XCConfigurationList section */
		296771052C0488750064E3F3 /* Build configuration list for PBXProject "VoIPCourseWork" */ = {
			isa = XCConfigurationList;
			buildConfigurations = (
				2967711C2C0488760064E3F3 /* Debug */,
				2967711D2C0488760064E3F3 /* Release */,
			);
			defaultConfigurationIsVisible = 0;
			defaultConfigurationName = Release;
		};
		2967711E2C0488760064E3F3 /* Build configuration list for PBXNativeTarget "VoIPCourseWork" */ = {
			isa = XCConfigurationList;
			buildConfigurations = (
				2967711F2C0488760064E3F3 /* Debug */,
				296771202C0488760064E3F3 /* Release */,
			);
			defaultConfigurationIsVisible = 0;
			defaultConfigurationName = Release;
		};
/* End XCConfigurationList section */
	};
	rootObject = 296771022C0488750064E3F3 /* Project object */;
}
