// !$*UTF8*$!
{
	archiveVersion = 1;
	classes = {
	};
	objectVersion = 56;
	objects = {

/* Begin PBXBuildFile section */
		2967710E2C0488750064E3F3 /* AppDelegate.swift in Sources */ = {isa = PBXBuildFile; fileRef = 2967710D2C0488750064E3F3 /* AppDelegate.swift */; };
		296771102C0488750064E3F3 /* SceneDelegate.swift in Sources */ = {isa = PBXBuildFile; fileRef = 2967710F2C0488750064E3F3 /* SceneDelegate.swift */; };
		296771122C0488750064E3F3 /* MainViewController.swift in Sources */ = {isa = PBXBuildFile; fileRef = 296771112C0488750064E3F3 /* MainViewController.swift */; };
		296771172C0488760064E3F3 /* Assets.xcassets in Resources */ = {isa = PBXBuildFile; fileRef = 296771162C0488760064E3F3 /* Assets.xcassets */; };
		29DD2C032C04FA3000934560 /* Configuration.swift in Sources */ = {isa = PBXBuildFile; fileRef = 29DD2C022C04FA3000934560 /* Configuration.swift */; };
		29DD2C062C04FC1600934560 /* SignalClient.swift in Sources */ = {isa = PBXBuildFile; fileRef = 29DD2C052C04FC1600934560 /* SignalClient.swift */; };
		29DD2C092C04FCC300934560 /* SignalClientDelegate.swift in Sources */ = {isa = PBXBuildFile; fileRef = 29DD2C082C04FCC300934560 /* SignalClientDelegate.swift */; };
		29DD2C0C2C04FD2C00934560 /* WebSocketProvider.swift in Sources */ = {isa = PBXBuildFile; fileRef = 29DD2C0B2C04FD2C00934560 /* WebSocketProvider.swift */; };
		29DD2C0E2C04FD3D00934560 /* WebSocketProviderDelegate.swift in Sources */ = {isa = PBXBuildFile; fileRef = 29DD2C0D2C04FD3D00934560 /* WebSocketProviderDelegate.swift */; };
		29DD2C102C04FE1800934560 /* StarscreamWebSocket.swift in Sources */ = {isa = PBXBuildFile; fileRef = 29DD2C0F2C04FE1800934560 /* StarscreamWebSocket.swift */; };
		29DD2C132C04FE3700934560 /* NativeWebSocket.swift in Sources */ = {isa = PBXBuildFile; fileRef = 29DD2C122C04FE3700934560 /* NativeWebSocket.swift */; };
		29DD2C162C04FE5700934560 /* WebRTCClient.swift in Sources */ = {isa = PBXBuildFile; fileRef = 29DD2C152C04FE5700934560 /* WebRTCClient.swift */; };
		29DD2C182C04FE6F00934560 /* WebRTCClientDelegate.swift in Sources */ = {isa = PBXBuildFile; fileRef = 29DD2C172C04FE6F00934560 /* WebRTCClientDelegate.swift */; };
		29DD2C1B2C0508F000934560 /* WebRTC in Frameworks */ = {isa = PBXBuildFile; productRef = 29DD2C1A2C0508F000934560 /* WebRTC */; };
		29DD2C1F2C05098F00934560 /* Starscream in Frameworks */ = {isa = PBXBuildFile; productRef = 29DD2C1E2C05098F00934560 /* Starscream */; };
		29DD2C212C050B2300934560 /* Message.swift in Sources */ = {isa = PBXBuildFile; fileRef = 29DD2C202C050B2300934560 /* Message.swift */; };
		29DD2C242C050B8300934560 /* SessionDescription.swift in Sources */ = {isa = PBXBuildFile; fileRef = 29DD2C232C050B8300934560 /* SessionDescription.swift */; };
		29DD2C262C050B9200934560 /* SdpType.swift in Sources */ = {isa = PBXBuildFile; fileRef = 29DD2C252C050B9200934560 /* SdpType.swift */; };
		29DD2C292C050BC200934560 /* RTCStates+Helpers.swift in Sources */ = {isa = PBXBuildFile; fileRef = 29DD2C282C050BC200934560 /* RTCStates+Helpers.swift */; };
		29DD2C2B2C050BDF00934560 /* IceCandidate.swift in Sources */ = {isa = PBXBuildFile; fileRef = 29DD2C2A2C050BDF00934560 /* IceCandidate.swift */; };
		29DD2C2D2C050C7700934560 /* VideoViewController.swift in Sources */ = {isa = PBXBuildFile; fileRef = 29DD2C2C2C050C7700934560 /* VideoViewController.swift */; };
		29DD2C2F2C050D9900934560 /* UILable+Helper.swift in Sources */ = {isa = PBXBuildFile; fileRef = 29DD2C2E2C050D9900934560 /* UILable+Helper.swift */; };
/* End PBXBuildFile section */

/* Begin PBXFileReference section */
		2967710A2C0488750064E3F3 /* VoIPCourseWork.app */ = {isa = PBXFileReference; explicitFileType = wrapper.application; includeInIndex = 0; path = VoIPCourseWork.app; sourceTree = BUILT_PRODUCTS_DIR; };
		2967710D2C0488750064E3F3 /* AppDelegate.swift */ = {isa = PBXFileReference; lastKnownFileType = sourcecode.swift; path = AppDelegate.swift; sourceTree = "<group>"; };
		2967710F2C0488750064E3F3 /* SceneDelegate.swift */ = {isa = PBXFileReference; lastKnownFileType = sourcecode.swift; path = SceneDelegate.swift; sourceTree = "<group>"; };
		296771112C0488750064E3F3 /* MainViewController.swift */ = {isa = PBXFileReference; lastKnownFileType = sourcecode.swift; path = MainViewController.swift; sourceTree = "<group>"; };
		296771162C0488760064E3F3 /* Assets.xcassets */ = {isa = PBXFileReference; lastKnownFileType = folder.assetcatalog; path = Assets.xcassets; sourceTree = "<group>"; };
		2967711B2C0488760064E3F3 /* Info.plist */ = {isa = PBXFileReference; lastKnownFileType = text.plist.xml; path = Info.plist; sourceTree = "<group>"; };
		29DD2C022C04FA3000934560 /* Configuration.swift */ = {isa = PBXFileReference; lastKnownFileType = sourcecode.swift; path = Configuration.swift; sourceTree = "<group>"; };
		29DD2C052C04FC1600934560 /* SignalClient.swift */ = {isa = PBXFileReference; lastKnownFileType = sourcecode.swift; path = SignalClient.swift; sourceTree = "<group>"; };
		29DD2C082C04FCC300934560 /* SignalClientDelegate.swift */ = {isa = PBXFileReference; lastKnownFileType = sourcecode.swift; path = SignalClientDelegate.swift; sourceTree = "<group>"; };
		29DD2C0B2C04FD2C00934560 /* WebSocketProvider.swift */ = {isa = PBXFileReference; lastKnownFileType = sourcecode.swift; path = WebSocketProvider.swift; sourceTree = "<group>"; };
		29DD2C0D2C04FD3D00934560 /* WebSocketProviderDelegate.swift */ = {isa = PBXFileReference; lastKnownFileType = sourcecode.swift; path = WebSocketProviderDelegate.swift; sourceTree = "<group>"; };
		29DD2C0F2C04FE1800934560 /* StarscreamWebSocket.swift */ = {isa = PBXFileReference; lastKnownFileType = sourcecode.swift; path = StarscreamWebSocket.swift; sourceTree = "<group>"; };
		29DD2C122C04FE3700934560 /* NativeWebSocket.swift */ = {isa = PBXFileReference; lastKnownFileType = sourcecode.swift; path = NativeWebSocket.swift; sourceTree = "<group>"; };
		29DD2C152C04FE5700934560 /* WebRTCClient.swift */ = {isa = PBXFileReference; lastKnownFileType = sourcecode.swift; path = WebRTCClient.swift; sourceTree = "<group>"; };
		29DD2C172C04FE6F00934560 /* WebRTCClientDelegate.swift */ = {isa = PBXFileReference; lastKnownFileType = sourcecode.swift; path = WebRTCClientDelegate.swift; sourceTree = "<group>"; };
		29DD2C202C050B2300934560 /* Message.swift */ = {isa = PBXFileReference; lastKnownFileType = sourcecode.swift; path = Message.swift; sourceTree = "<group>"; };
		29DD2C232C050B8300934560 /* SessionDescription.swift */ = {isa = PBXFileReference; lastKnownFileType = sourcecode.swift; path = SessionDescription.swift; sourceTree = "<group>"; };
		29DD2C252C050B9200934560 /* SdpType.swift */ = {isa = PBXFileReference; lastKnownFileType = sourcecode.swift; path = SdpType.swift; sourceTree = "<group>"; };
		29DD2C282C050BC200934560 /* RTCStates+Helpers.swift */ = {isa = PBXFileReference; lastKnownFileType = sourcecode.swift; path = "RTCStates+Helpers.swift"; sourceTree = "<group>"; };
		29DD2C2A2C050BDF00934560 /* IceCandidate.swift */ = {isa = PBXFileReference; lastKnownFileType = sourcecode.swift; path = IceCandidate.swift; sourceTree = "<group>"; };
		29DD2C2C2C050C7700934560 /* VideoViewController.swift */ = {isa = PBXFileReference; lastKnownFileType = sourcecode.swift; path = VideoViewController.swift; sourceTree = "<group>"; };
		29DD2C2E2C050D9900934560 /* UILable+Helper.swift */ = {isa = PBXFileReference; lastKnownFileType = sourcecode.swift; path = "UILable+Helper.swift"; sourceTree = "<group>"; };
/* End PBXFileReference section */

/* Begin PBXFrameworksBuildPhase section */
		296771072C0488750064E3F3 /* Frameworks */ = {
			isa = PBXFrameworksBuildPhase;
			buildActionMask = 2147483647;
			files = (
				29DD2C1B2C0508F000934560 /* WebRTC in Frameworks */,
				29DD2C1F2C05098F00934560 /* Starscream in Frameworks */,
			);
			runOnlyForDeploymentPostprocessing = 0;
		};
/* End PBXFrameworksBuildPhase section */

/* Begin PBXGroup section */
		296771012C0488750064E3F3 = {
			isa = PBXGroup;
			children = (
				2967710C2C0488750064E3F3 /* VoIPCourseWork */,
				2967710B2C0488750064E3F3 /* Products */,
			);
			sourceTree = "<group>";
		};
		2967710B2C0488750064E3F3 /* Products */ = {
			isa = PBXGroup;
			children = (
				2967710A2C0488750064E3F3 /* VoIPCourseWork.app */,
			);
			name = Products;
			sourceTree = "<group>";
		};
		2967710C2C0488750064E3F3 /* VoIPCourseWork */ = {
			isa = PBXGroup;
			children = (
				29DD2BFE2C04F9FC00934560 /* Source */,
				296771162C0488760064E3F3 /* Assets.xcassets */,
				2967711B2C0488760064E3F3 /* Info.plist */,
			);
			path = VoIPCourseWork;
			sourceTree = "<group>";
		};
		29DD2BFE2C04F9FC00934560 /* Source */ = {
			isa = PBXGroup;
			children = (
				29DD2C042C04FBED00934560 /* Service */,
				29DD2C002C04FA0F00934560 /* UI */,
				29DD2BFF2C04FA0300934560 /* Control */,
			);
			path = Source;
			sourceTree = "<group>";
		};
		29DD2BFF2C04FA0300934560 /* Control */ = {
			isa = PBXGroup;
			children = (
				29DD2C012C04FA1E00934560 /* Configuration */,
				2967710D2C0488750064E3F3 /* AppDelegate.swift */,
				2967710F2C0488750064E3F3 /* SceneDelegate.swift */,
			);
			path = Control;
			sourceTree = "<group>";
		};
		29DD2C002C04FA0F00934560 /* UI */ = {
			isa = PBXGroup;
			children = (
				296771112C0488750064E3F3 /* MainViewController.swift */,
				29DD2C2C2C050C7700934560 /* VideoViewController.swift */,
				29DD2C2E2C050D9900934560 /* UILable+Helper.swift */,
			);
			path = UI;
			sourceTree = "<group>";
		};
		29DD2C012C04FA1E00934560 /* Configuration */ = {
			isa = PBXGroup;
			children = (
				29DD2C022C04FA3000934560 /* Configuration.swift */,
			);
			path = Configuration;
			sourceTree = "<group>";
		};
		29DD2C042C04FBED00934560 /* Service */ = {
			isa = PBXGroup;
			children = (
				29DD2C142C04FE4D00934560 /* WebRTC */,
				29DD2C0A2C04FD1F00934560 /* WebSocket */,
				29DD2C072C04FCB700934560 /* Signal */,
				29DD2C222C050B3800934560 /* Model */,
				29DD2C272C050BB400934560 /* Extension */,
			);
			path = Service;
			sourceTree = "<group>";
		};
		29DD2C072C04FCB700934560 /* Signal */ = {
			isa = PBXGroup;
			children = (
				29DD2C052C04FC1600934560 /* SignalClient.swift */,
				29DD2C082C04FCC300934560 /* SignalClientDelegate.swift */,
			);
			path = Signal;
			sourceTree = "<group>";
		};
		29DD2C0A2C04FD1F00934560 /* WebSocket */ = {
			isa = PBXGroup;
			children = (
				29DD2C0B2C04FD2C00934560 /* WebSocketProvider.swift */,
				29DD2C0D2C04FD3D00934560 /* WebSocketProviderDelegate.swift */,
				29DD2C0F2C04FE1800934560 /* StarscreamWebSocket.swift */,
				29DD2C122C04FE3700934560 /* NativeWebSocket.swift */,
			);
			path = WebSocket;
			sourceTree = "<group>";
		};
		29DD2C142C04FE4D00934560 /* WebRTC */ = {
			isa = PBXGroup;
			children = (
				29DD2C152C04FE5700934560 /* WebRTCClient.swift */,
				29DD2C172C04FE6F00934560 /* WebRTCClientDelegate.swift */,
			);
			path = WebRTC;
			sourceTree = "<group>";
		};
		29DD2C222C050B3800934560 /* Model */ = {
			isa = PBXGroup;
			children = (
				29DD2C202C050B2300934560 /* Message.swift */,
				29DD2C232C050B8300934560 /* SessionDescription.swift */,
				29DD2C252C050B9200934560 /* SdpType.swift */,
				29DD2C2A2C050BDF00934560 /* IceCandidate.swift */,
			);
			path = Model;
			sourceTree = "<group>";
		};
		29DD2C272C050BB400934560 /* Extension */ = {
			isa = PBXGroup;
			children = (
				29DD2C282C050BC200934560 /* RTCStates+Helpers.swift */,
			);
			path = Extension;
			sourceTree = "<group>";
		};
/* End PBXGroup section */

/* Begin PBXNativeTarget section */
		296771092C0488750064E3F3 /* VoIPCourseWork */ = {
			isa = PBXNativeTarget;
			buildConfigurationList = 2967711E2C0488760064E3F3 /* Build configuration list for PBXNativeTarget "VoIPCourseWork" */;
			buildPhases = (
				296771062C0488750064E3F3 /* Sources */,
				296771072C0488750064E3F3 /* Frameworks */,
				296771082C0488750064E3F3 /* Resources */,
			);
			buildRules = (
			);
			dependencies = (
			);
			name = VoIPCourseWork;
			packageProductDependencies = (
				29DD2C1A2C0508F000934560 /* WebRTC */,
				29DD2C1E2C05098F00934560 /* Starscream */,
			);
			productName = VoIPCourseWork;
			productReference = 2967710A2C0488750064E3F3 /* VoIPCourseWork.app */;
			productType = "com.apple.product-type.application";
		};
/* End PBXNativeTarget section */

/* Begin PBXProject section */
		296771022C0488750064E3F3 /* Project object */ = {
			isa = PBXProject;
			attributes = {
				BuildIndependentTargetsInParallel = 1;
				LastSwiftUpdateCheck = 1430;
				LastUpgradeCheck = 1430;
				TargetAttributes = {
					296771092C0488750064E3F3 = {
						CreatedOnToolsVersion = 14.3.1;
					};
				};
			};
			buildConfigurationList = 296771052C0488750064E3F3 /* Build configuration list for PBXProject "VoIPCourseWork" */;
			compatibilityVersion = "Xcode 14.0";
			developmentRegion = en;
			hasScannedForEncodings = 0;
			knownRegions = (
				en,
				Base,
			);
			mainGroup = 296771012C0488750064E3F3;
			packageReferences = (
				29DD2C192C0508F000934560 /* XCRemoteSwiftPackageReference "WebRTC" */,
				29DD2C1D2C05098F00934560 /* XCRemoteSwiftPackageReference "Starscream" */,
			);
			productRefGroup = 2967710B2C0488750064E3F3 /* Products */;
			projectDirPath = "";
			projectRoot = "";
			targets = (
				296771092C0488750064E3F3 /* VoIPCourseWork */,
			);
		};
/* End PBXProject section */

/* Begin PBXResourcesBuildPhase section */
		296771082C0488750064E3F3 /* Resources */ = {
			isa = PBXResourcesBuildPhase;
			buildActionMask = 2147483647;
			files = (
				296771172C0488760064E3F3 /* Assets.xcassets in Resources */,
			);
			runOnlyForDeploymentPostprocessing = 0;
		};
/* End PBXResourcesBuildPhase section */

/* Begin PBXSourcesBuildPhase section */
		296771062C0488750064E3F3 /* Sources */ = {
			isa = PBXSourcesBuildPhase;
			buildActionMask = 2147483647;
			files = (
				29DD2C062C04FC1600934560 /* SignalClient.swift in Sources */,
				29DD2C242C050B8300934560 /* SessionDescription.swift in Sources */,
				29DD2C2D2C050C7700934560 /* VideoViewController.swift in Sources */,
				29DD2C092C04FCC300934560 /* SignalClientDelegate.swift in Sources */,
				29DD2C132C04FE3700934560 /* NativeWebSocket.swift in Sources */,
				296771122C0488750064E3F3 /* MainViewController.swift in Sources */,
				29DD2C0C2C04FD2C00934560 /* WebSocketProvider.swift in Sources */,
				29DD2C2F2C050D9900934560 /* UILable+Helper.swift in Sources */,
				2967710E2C0488750064E3F3 /* AppDelegate.swift in Sources */,
				29DD2C102C04FE1800934560 /* StarscreamWebSocket.swift in Sources */,
				29DD2C032C04FA3000934560 /* Configuration.swift in Sources */,
				29DD2C262C050B9200934560 /* SdpType.swift in Sources */,
				296771102C0488750064E3F3 /* SceneDelegate.swift in Sources */,
				29DD2C212C050B2300934560 /* Message.swift in Sources */,
				29DD2C162C04FE5700934560 /* WebRTCClient.swift in Sources */,
				29DD2C2B2C050BDF00934560 /* IceCandidate.swift in Sources */,
				29DD2C292C050BC200934560 /* RTCStates+Helpers.swift in Sources */,
				29DD2C182C04FE6F00934560 /* WebRTCClientDelegate.swift in Sources */,
				29DD2C0E2C04FD3D00934560 /* WebSocketProviderDelegate.swift in Sources */,
			);
			runOnlyForDeploymentPostprocessing = 0;
		};
/* End PBXSourcesBuildPhase section */

/* Begin XCBuildConfiguration section */
		2967711C2C0488760064E3F3 /* Debug */ = {
			isa = XCBuildConfiguration;
			buildSettings = {
				ALWAYS_SEARCH_USER_PATHS = NO;
				CLANG_ANALYZER_NONNULL = YES;
				CLANG_ANALYZER_NUMBER_OBJECT_CONVERSION = YES_AGGRESSIVE;
				CLANG_CXX_LANGUAGE_STANDARD = "gnu++20";
				CLANG_ENABLE_MODULES = YES;
				CLANG_ENABLE_OBJC_ARC = YES;
				CLANG_ENABLE_OBJC_WEAK = YES;
				CLANG_WARN_BLOCK_CAPTURE_AUTORELEASING = YES;
				CLANG_WARN_BOOL_CONVERSION = YES;
				CLANG_WARN_COMMA = YES;
				CLANG_WARN_CONSTANT_CONVERSION = YES;
				CLANG_WARN_DEPRECATED_OBJC_IMPLEMENTATIONS = YES;
				CLANG_WARN_DIRECT_OBJC_ISA_USAGE = YES_ERROR;
				CLANG_WARN_DOCUMENTATION_COMMENTS = YES;
				CLANG_WARN_EMPTY_BODY = YES;
				CLANG_WARN_ENUM_CONVERSION = YES;
				CLANG_WARN_INFINITE_RECURSION = YES;
				CLANG_WARN_INT_CONVERSION = YES;
				CLANG_WARN_NON_LITERAL_NULL_CONVERSION = YES;
				CLANG_WARN_OBJC_IMPLICIT_RETAIN_SELF = YES;
				CLANG_WARN_OBJC_LITERAL_CONVERSION = YES;
				CLANG_WARN_OBJC_ROOT_CLASS = YES_ERROR;
				CLANG_WARN_QUOTED_INCLUDE_IN_FRAMEWORK_HEADER = YES;
				CLANG_WARN_RANGE_LOOP_ANALYSIS = YES;
				CLANG_WARN_STRICT_PROTOTYPES = YES;
				CLANG_WARN_SUSPICIOUS_MOVE = YES;
				CLANG_WARN_UNGUARDED_AVAILABILITY = YES_AGGRESSIVE;
				CLANG_WARN_UNREACHABLE_CODE = YES;
				CLANG_WARN__DUPLICATE_METHOD_MATCH = YES;
				COPY_PHASE_STRIP = NO;
				DEBUG_INFORMATION_FORMAT = dwarf;
				ENABLE_STRICT_OBJC_MSGSEND = YES;
				ENABLE_TESTABILITY = YES;
				GCC_C_LANGUAGE_STANDARD = gnu11;
				GCC_DYNAMIC_NO_PIC = NO;
				GCC_NO_COMMON_BLOCKS = YES;
				GCC_OPTIMIZATION_LEVEL = 0;
				GCC_PREPROCESSOR_DEFINITIONS = (
					"DEBUG=1",
					"$(inherited)",
				);
				GCC_WARN_64_TO_32_BIT_CONVERSION = YES;
				GCC_WARN_ABOUT_RETURN_TYPE = YES_ERROR;
				GCC_WARN_UNDECLARED_SELECTOR = YES;
				GCC_WARN_UNINITIALIZED_AUTOS = YES_AGGRESSIVE;
				GCC_WARN_UNUSED_FUNCTION = YES;
				GCC_WARN_UNUSED_VARIABLE = YES;
				IPHONEOS_DEPLOYMENT_TARGET = 16.4;
				MTL_ENABLE_DEBUG_INFO = INCLUDE_SOURCE;
				MTL_FAST_MATH = YES;
				ONLY_ACTIVE_ARCH = YES;
				SDKROOT = iphoneos;
				SWIFT_ACTIVE_COMPILATION_CONDITIONS = DEBUG;
				SWIFT_OPTIMIZATION_LEVEL = "-Onone";
			};
			name = Debug;
		};
		2967711D2C0488760064E3F3 /* Release */ = {
			isa = XCBuildConfiguration;
			buildSettings = {
				ALWAYS_SEARCH_USER_PATHS = NO;
				CLANG_ANALYZER_NONNULL = YES;
				CLANG_ANALYZER_NUMBER_OBJECT_CONVERSION = YES_AGGRESSIVE;
				CLANG_CXX_LANGUAGE_STANDARD = "gnu++20";
				CLANG_ENABLE_MODULES = YES;
				CLANG_ENABLE_OBJC_ARC = YES;
				CLANG_ENABLE_OBJC_WEAK = YES;
				CLANG_WARN_BLOCK_CAPTURE_AUTORELEASING = YES;
				CLANG_WARN_BOOL_CONVERSION = YES;
				CLANG_WARN_COMMA = YES;
				CLANG_WARN_CONSTANT_CONVERSION = YES;
				CLANG_WARN_DEPRECATED_OBJC_IMPLEMENTATIONS = YES;
				CLANG_WARN_DIRECT_OBJC_ISA_USAGE = YES_ERROR;
				CLANG_WARN_DOCUMENTATION_COMMENTS = YES;
				CLANG_WARN_EMPTY_BODY = YES;
				CLANG_WARN_ENUM_CONVERSION = YES;
				CLANG_WARN_INFINITE_RECURSION = YES;
				CLANG_WARN_INT_CONVERSION = YES;
				CLANG_WARN_NON_LITERAL_NULL_CONVERSION = YES;
				CLANG_WARN_OBJC_IMPLICIT_RETAIN_SELF = YES;
				CLANG_WARN_OBJC_LITERAL_CONVERSION = YES;
				CLANG_WARN_OBJC_ROOT_CLASS = YES_ERROR;
				CLANG_WARN_QUOTED_INCLUDE_IN_FRAMEWORK_HEADER = YES;
				CLANG_WARN_RANGE_LOOP_ANALYSIS = YES;
				CLANG_WARN_STRICT_PROTOTYPES = YES;
				CLANG_WARN_SUSPICIOUS_MOVE = YES;
				CLANG_WARN_UNGUARDED_AVAILABILITY = YES_AGGRESSIVE;
				CLANG_WARN_UNREACHABLE_CODE = YES;
				CLANG_WARN__DUPLICATE_METHOD_MATCH = YES;
				COPY_PHASE_STRIP = NO;
				DEBUG_INFORMATION_FORMAT = "dwarf-with-dsym";
				ENABLE_NS_ASSERTIONS = NO;
				ENABLE_STRICT_OBJC_MSGSEND = YES;
				GCC_C_LANGUAGE_STANDARD = gnu11;
				GCC_NO_COMMON_BLOCKS = YES;
				GCC_WARN_64_TO_32_BIT_CONVERSION = YES;
				GCC_WARN_ABOUT_RETURN_TYPE = YES_ERROR;
				GCC_WARN_UNDECLARED_SELECTOR = YES;
				GCC_WARN_UNINITIALIZED_AUTOS = YES_AGGRESSIVE;
				GCC_WARN_UNUSED_FUNCTION = YES;
				GCC_WARN_UNUSED_VARIABLE = YES;
				IPHONEOS_DEPLOYMENT_TARGET = 16.4;
				MTL_ENABLE_DEBUG_INFO = NO;
				MTL_FAST_MATH = YES;
				SDKROOT = iphoneos;
				SWIFT_COMPILATION_MODE = wholemodule;
				SWIFT_OPTIMIZATION_LEVEL = "-O";
				VALIDATE_PRODUCT = YES;
			};
			name = Release;
		};
		2967711F2C0488760064E3F3 /* Debug */ = {
			isa = XCBuildConfiguration;
			buildSettings = {
				ASSETCATALOG_COMPILER_APPICON_NAME = AppIcon;
				ASSETCATALOG_COMPILER_GLOBAL_ACCENT_COLOR_NAME = AccentColor;
				CODE_SIGN_STYLE = Automatic;
				CURRENT_PROJECT_VERSION = 1;
				DEVELOPMENT_TEAM = ZA8S3A839R;
				GENERATE_INFOPLIST_FILE = YES;
				INFOPLIST_FILE = VoIPCourseWork/Info.plist;
				INFOPLIST_KEY_UIApplicationSupportsIndirectInputEvents = YES;
				INFOPLIST_KEY_UILaunchStoryboardName = LaunchScreen;
				INFOPLIST_KEY_UISupportedInterfaceOrientations_iPad = "UIInterfaceOrientationPortrait UIInterfaceOrientationPortraitUpsideDown UIInterfaceOrientationLandscapeLeft UIInterfaceOrientationLandscapeRight";
				INFOPLIST_KEY_UISupportedInterfaceOrientations_iPhone = "UIInterfaceOrientationPortrait UIInterfaceOrientationLandscapeLeft UIInterfaceOrientationLandscapeRight";
				IPHONEOS_DEPLOYMENT_TARGET = 13.0;
				LD_RUNPATH_SEARCH_PATHS = (
					"$(inherited)",
					"@executable_path/Frameworks",
				);
				MARKETING_VERSION = 1.0;
				PRODUCT_BUNDLE_IDENTIFIER = com.itis.ios.VoIPCourseWork;
				PRODUCT_NAME = "$(TARGET_NAME)";
				SWIFT_EMIT_LOC_STRINGS = YES;
				SWIFT_VERSION = 5.0;
				TARGETED_DEVICE_FAMILY = "1,2";
			};
			name = Debug;
		};
		296771202C0488760064E3F3 /* Release */ = {
			isa = XCBuildConfiguration;
			buildSettings = {
				ASSETCATALOG_COMPILER_APPICON_NAME = AppIcon;
				ASSETCATALOG_COMPILER_GLOBAL_ACCENT_COLOR_NAME = AccentColor;
				CODE_SIGN_STYLE = Automatic;
				CURRENT_PROJECT_VERSION = 1;
				DEVELOPMENT_TEAM = ZA8S3A839R;
				GENERATE_INFOPLIST_FILE = YES;
				INFOPLIST_FILE = VoIPCourseWork/Info.plist;
				INFOPLIST_KEY_UIApplicationSupportsIndirectInputEvents = YES;
				INFOPLIST_KEY_UILaunchStoryboardName = LaunchScreen;
				INFOPLIST_KEY_UISupportedInterfaceOrientations_iPad = "UIInterfaceOrientationPortrait UIInterfaceOrientationPortraitUpsideDown UIInterfaceOrientationLandscapeLeft UIInterfaceOrientationLandscapeRight";
				INFOPLIST_KEY_UISupportedInterfaceOrientations_iPhone = "UIInterfaceOrientationPortrait UIInterfaceOrientationLandscapeLeft UIInterfaceOrientationLandscapeRight";
				IPHONEOS_DEPLOYMENT_TARGET = 13.0;
				LD_RUNPATH_SEARCH_PATHS = (
					"$(inherited)",
					"@executable_path/Frameworks",
				);
				MARKETING_VERSION = 1.0;
				PRODUCT_BUNDLE_IDENTIFIER = com.itis.ios.VoIPCourseWork;
				PRODUCT_NAME = "$(TARGET_NAME)";
				SWIFT_EMIT_LOC_STRINGS = YES;
				SWIFT_VERSION = 5.0;
				TARGETED_DEVICE_FAMILY = "1,2";
			};
			name = Release;
		};
/* End XCBuildConfiguration section */

/* Begin XCConfigurationList section */
		296771052C0488750064E3F3 /* Build configuration list for PBXProject "VoIPCourseWork" */ = {
			isa = XCConfigurationList;
			buildConfigurations = (
				2967711C2C0488760064E3F3 /* Debug */,
				2967711D2C0488760064E3F3 /* Release */,
			);
			defaultConfigurationIsVisible = 0;
			defaultConfigurationName = Release;
		};
		2967711E2C0488760064E3F3 /* Build configuration list for PBXNativeTarget "VoIPCourseWork" */ = {
			isa = XCConfigurationList;
			buildConfigurations = (
				2967711F2C0488760064E3F3 /* Debug */,
				296771202C0488760064E3F3 /* Release */,
			);
			defaultConfigurationIsVisible = 0;
			defaultConfigurationName = Release;
		};
/* End XCConfigurationList section */

/* Begin XCRemoteSwiftPackageReference section */
		29DD2C192C0508F000934560 /* XCRemoteSwiftPackageReference "WebRTC" */ = {
			isa = XCRemoteSwiftPackageReference;
			repositoryURL = "https://github.com/stasel/WebRTC.git";
			requirement = {
				kind = upToNextMajorVersion;
				minimumVersion = 125.0.0;
			};
		};
		29DD2C1D2C05098F00934560 /* XCRemoteSwiftPackageReference "Starscream" */ = {
			isa = XCRemoteSwiftPackageReference;
			repositoryURL = "https://github.com/daltoniam/Starscream.git";
			requirement = {
				kind = upToNextMajorVersion;
				minimumVersion = 4.0.4;
			};
		};
/* End XCRemoteSwiftPackageReference section */

/* Begin XCSwiftPackageProductDependency section */
		29DD2C1A2C0508F000934560 /* WebRTC */ = {
			isa = XCSwiftPackageProductDependency;
			package = 29DD2C192C0508F000934560 /* XCRemoteSwiftPackageReference "WebRTC" */;
			productName = WebRTC;
		};
		29DD2C1E2C05098F00934560 /* Starscream */ = {
			isa = XCSwiftPackageProductDependency;
			package = 29DD2C1D2C05098F00934560 /* XCRemoteSwiftPackageReference "Starscream" */;
			productName = Starscream;
		};
/* End XCSwiftPackageProductDependency section */
	};
	rootObject = 296771022C0488750064E3F3 /* Project object */;
}
